{
  "pins" : [
    {
      "identity" : "grdb.swift",
      "kind" : "remoteSourceControl",
      "location" : "https://github.com/groue/GRDB.swift.git",
      "state" : {
        "revision" : "57aa4c30bfa0fe6a1913f83042937c4fb943e79c",
        "version" : "6.15.0"
      }
    },
    {
      "identity" : "swiftwabackupapi",
      "kind" : "remoteSourceControl",
      "location" : "https://github.com/domingogallardo/SwiftWABackupAPI.git",
      "state" : {
        "branch" : "main",
        "revision" : "f10adaae405052425e2f3b0a0fd1df83d4071ff0"
      }
    }
  ],
  "version" : 2
}
