{
  "pins" : [
    {
      "identity" : "grdb.swift",
      "kind" : "remoteSourceControl",
      "location" : "https://github.com/groue/GRDB.swift.git",
      "state" : {
        "revision" : "57aa4c30bfa0fe6a1913f83042937c4fb943e79c",
        "version" : "6.15.0"
      }
    },
    {
      "identity" : "swiftwabackupapi",
      "kind" : "remoteSourceControl",
      "location" : "https://github.com/domingogallardo/SwiftWABackupAPI.git",
      "state" : {
        "branch" : "main",
        "revision" : "cacb8e281c3a9863fa952f5551d8fa0cac7c4e1d"
      }
    }
  ],
  "version" : 2
}
